
Microsoft Visual Studio Solution File, Format Version 12.00
# Visual Studio Version 17
VisualStudioVersion = 17.3.32901.215
MinimumVisualStudioVersion = 10.0.40219.1
Project("{FAE04EC0-301F-11D3-BF4B-00C04F79EFBC}") = "if_Statement", "if_Statement.csproj", "{31ED6648-CEC3-48B9-8CF5-B74408CD45E0}"
EndProject
Global
	GlobalSection(SolutionConfigurationPlatforms) = preSolution
		Debug|Any CPU = Debug|Any CPU
		Release|Any CPU = Release|Any CPU
	EndGlobalSection
	GlobalSection(ProjectConfigurationPlatforms) = postSolution
		{31ED6648-CEC3-48B9-8CF5-B74408CD45E0}.Debug|Any CPU.ActiveCfg = Debug|Any CPU
		{31ED6648-CEC3-48B9-8CF5-B74408CD45E0}.Debug|Any CPU.Build.0 = Debug|Any CPU
		{31ED6648-CEC3-48B9-8CF5-B74408CD45E0}.Release|Any CPU.ActiveCfg = Release|Any CPU
		{31ED6648-CEC3-48B9-8CF5-B74408CD45E0}.Release|Any CPU.Build.0 = Release|Any CPU
	EndGlobalSection
	GlobalSection(SolutionProperties) = preSolution
		HideSolutionNode = FALSE
	EndGlobalSection
	GlobalSection(ExtensibilityGlobals) = postSolution
		SolutionGuid = {AAB8AC04-FEC5-496E-B733-7084B75B578D}
	EndGlobalSection
EndGlobal
